// !$*UTF8*$!
{
	archiveVersion = 1;
	classes = {
	};
	objectVersion = 50;
	objects = {

/* Begin PBXBuildFile section */
		C46752CC2248B54E0055D5EC /* HQFlowView.m in Sources */ = {isa = PBXBuildFile; fileRef = C46752C62248B54E0055D5EC /* HQFlowView.m */; };
		C46752CD2248B54E0055D5EC /* HQIndexBannerSubview.m in Sources */ = {isa = PBXBuildFile; fileRef = C46752C72248B54E0055D5EC /* HQIndexBannerSubview.m */; };
		C46752CE2248B54E0055D5EC /* HQImagePageControl.m in Sources */ = {isa = PBXBuildFile; fileRef = C46752C82248B54E0055D5EC /* HQImagePageControl.m */; };
		C4F759182243214B00AC4CA7 /* AppDelegate.m in Sources */ = {isa = PBXBuildFile; fileRef = C4F759172243214B00AC4CA7 /* AppDelegate.m */; };
		C4F7591B2243214B00AC4CA7 /* ViewController.m in Sources */ = {isa = PBXBuildFile; fileRef = C4F7591A2243214B00AC4CA7 /* ViewController.m */; };
		C4F7591E2243214B00AC4CA7 /* Main.storyboard in Resources */ = {isa = PBXBuildFile; fileRef = C4F7591C2243214B00AC4CA7 /* Main.storyboard */; };
		C4F759202243214D00AC4CA7 /* Assets.xcassets in Resources */ = {isa = PBXBuildFile; fileRef = C4F7591F2243214D00AC4CA7 /* Assets.xcassets */; };
		C4F759232243214D00AC4CA7 /* LaunchScreen.storyboard in Resources */ = {isa = PBXBuildFile; fileRef = C4F759212243214D00AC4CA7 /* LaunchScreen.storyboard */; };
		C4F759262243214D00AC4CA7 /* main.m in Sources */ = {isa = PBXBuildFile; fileRef = C4F759252243214D00AC4CA7 /* main.m */; };
		C4F7594D224360DC00AC4CA7 /* KDCycleBannerView.m in Sources */ = {isa = PBXBuildFile; fileRef = C4F7594B224360DC00AC4CA7 /* KDCycleBannerView.m */; };
		C4F7594F224363E200AC4CA7 /* image1.png in Resources */ = {isa = PBXBuildFile; fileRef = C4F7594E224363E200AC4CA7 /* image1.png */; };
		C4F759632244D01B00AC4CA7 /* SildeViewModel.m in Sources */ = {isa = PBXBuildFile; fileRef = C4F759542244D01B00AC4CA7 /* SildeViewModel.m */; };
		C4F759642244D01B00AC4CA7 /* SildeViewController.m in Sources */ = {isa = PBXBuildFile; fileRef = C4F759572244D01B00AC4CA7 /* SildeViewController.m */; };
		C4F759652244D01B00AC4CA7 /* SourceModel.m in Sources */ = {isa = PBXBuildFile; fileRef = C4F7595A2244D01B00AC4CA7 /* SourceModel.m */; };
		C4F759662244D01B00AC4CA7 /* SildeModel.m in Sources */ = {isa = PBXBuildFile; fileRef = C4F7595C2244D01B00AC4CA7 /* SildeModel.m */; };
		C4F759672244D01B00AC4CA7 /* SildeView.m in Sources */ = {isa = PBXBuildFile; fileRef = C4F7595F2244D01B00AC4CA7 /* SildeView.m */; };
		C4F759682244D01B00AC4CA7 /* SildeViewService.m in Sources */ = {isa = PBXBuildFile; fileRef = C4F759622244D01B00AC4CA7 /* SildeViewService.m */; };
		C4F7596B2244D05C00AC4CA7 /* NetworkManage.m in Sources */ = {isa = PBXBuildFile; fileRef = C4F759692244D05C00AC4CA7 /* NetworkManage.m */; };
		CF7C62AC06A6938CD1A8D1ED /* libPods-sildeImageView.a in Frameworks */ = {isa = PBXBuildFile; fileRef = E4434AA09ED8EFA68FB72730 /* libPods-sildeImageView.a */; };
/* End PBXBuildFile section */

/* Begin PBXFileReference section */
		6AE2C990B8F2341FB060878E /* Pods-sildeImageView.release.xcconfig */ = {isa = PBXFileReference; includeInIndex = 1; lastKnownFileType = text.xcconfig; name = "Pods-sildeImageView.release.xcconfig"; path = "Pods/Target Support Files/Pods-sildeImageView/Pods-sildeImageView.release.xcconfig"; sourceTree = "<group>"; };
		C46752C62248B54E0055D5EC /* HQFlowView.m */ = {isa = PBXFileReference; fileEncoding = 4; lastKnownFileType = sourcecode.c.objc; path = HQFlowView.m; sourceTree = "<group>"; };
		C46752C72248B54E0055D5EC /* HQIndexBannerSubview.m */ = {isa = PBXFileReference; fileEncoding = 4; lastKnownFileType = sourcecode.c.objc; path = HQIndexBannerSubview.m; sourceTree = "<group>"; };
		C46752C82248B54E0055D5EC /* HQImagePageControl.m */ = {isa = PBXFileReference; fileEncoding = 4; lastKnownFileType = sourcecode.c.objc; path = HQImagePageControl.m; sourceTree = "<group>"; };
		C46752C92248B54E0055D5EC /* HQFlowView.h */ = {isa = PBXFileReference; fileEncoding = 4; lastKnownFileType = sourcecode.c.h; path = HQFlowView.h; sourceTree = "<group>"; };
		C46752CA2248B54E0055D5EC /* HQImagePageControl.h */ = {isa = PBXFileReference; fileEncoding = 4; lastKnownFileType = sourcecode.c.h; path = HQImagePageControl.h; sourceTree = "<group>"; };
		C46752CB2248B54E0055D5EC /* HQIndexBannerSubview.h */ = {isa = PBXFileReference; fileEncoding = 4; lastKnownFileType = sourcecode.c.h; path = HQIndexBannerSubview.h; sourceTree = "<group>"; };
		C4F759132243214B00AC4CA7 /* sildeImageView.app */ = {isa = PBXFileReference; explicitFileType = wrapper.application; includeInIndex = 0; path = sildeImageView.app; sourceTree = BUILT_PRODUCTS_DIR; };
		C4F759162243214B00AC4CA7 /* AppDelegate.h */ = {isa = PBXFileReference; lastKnownFileType = sourcecode.c.h; path = AppDelegate.h; sourceTree = "<group>"; };
		C4F759172243214B00AC4CA7 /* AppDelegate.m */ = {isa = PBXFileReference; lastKnownFileType = sourcecode.c.objc; path = AppDelegate.m; sourceTree = "<group>"; };
		C4F759192243214B00AC4CA7 /* ViewController.h */ = {isa = PBXFileReference; lastKnownFileType = sourcecode.c.h; path = ViewController.h; sourceTree = "<group>"; };
		C4F7591A2243214B00AC4CA7 /* ViewController.m */ = {isa = PBXFileReference; lastKnownFileType = sourcecode.c.objc; path = ViewController.m; sourceTree = "<group>"; };
		C4F7591D2243214B00AC4CA7 /* Base */ = {isa = PBXFileReference; lastKnownFileType = file.storyboard; name = Base; path = Base.lproj/Main.storyboard; sourceTree = "<group>"; };
		C4F7591F2243214D00AC4CA7 /* Assets.xcassets */ = {isa = PBXFileReference; lastKnownFileType = folder.assetcatalog; path = Assets.xcassets; sourceTree = "<group>"; };
		C4F759222243214D00AC4CA7 /* Base */ = {isa = PBXFileReference; lastKnownFileType = file.storyboard; name = Base; path = Base.lproj/LaunchScreen.storyboard; sourceTree = "<group>"; };
		C4F759242243214D00AC4CA7 /* Info.plist */ = {isa = PBXFileReference; lastKnownFileType = text.plist.xml; path = Info.plist; sourceTree = "<group>"; };
		C4F759252243214D00AC4CA7 /* main.m */ = {isa = PBXFileReference; lastKnownFileType = sourcecode.c.objc; path = main.m; sourceTree = "<group>"; };
		C4F759492243360A00AC4CA7 /* PrefixHeader.pch */ = {isa = PBXFileReference; lastKnownFileType = sourcecode.c.h; path = PrefixHeader.pch; sourceTree = "<group>"; };
		C4F7594B224360DC00AC4CA7 /* KDCycleBannerView.m */ = {isa = PBXFileReference; fileEncoding = 4; lastKnownFileType = sourcecode.c.objc; path = KDCycleBannerView.m; sourceTree = "<group>"; };
		C4F7594C224360DC00AC4CA7 /* KDCycleBannerView.h */ = {isa = PBXFileReference; fileEncoding = 4; lastKnownFileType = sourcecode.c.h; path = KDCycleBannerView.h; sourceTree = "<group>"; };
		C4F7594E224363E200AC4CA7 /* image1.png */ = {isa = PBXFileReference; lastKnownFileType = image.png; path = image1.png; sourceTree = "<group>"; };
		C4F759532244D01B00AC4CA7 /* SildeViewModel.h */ = {isa = PBXFileReference; fileEncoding = 4; lastKnownFileType = sourcecode.c.h; path = SildeViewModel.h; sourceTree = "<group>"; };
		C4F759542244D01B00AC4CA7 /* SildeViewModel.m */ = {isa = PBXFileReference; fileEncoding = 4; lastKnownFileType = sourcecode.c.objc; path = SildeViewModel.m; sourceTree = "<group>"; };
		C4F759562244D01B00AC4CA7 /* SildeViewController.h */ = {isa = PBXFileReference; fileEncoding = 4; lastKnownFileType = sourcecode.c.h; path = SildeViewController.h; sourceTree = "<group>"; };
		C4F759572244D01B00AC4CA7 /* SildeViewController.m */ = {isa = PBXFileReference; fileEncoding = 4; lastKnownFileType = sourcecode.c.objc; path = SildeViewController.m; sourceTree = "<group>"; };
		C4F759592244D01B00AC4CA7 /* SildeModel.h */ = {isa = PBXFileReference; fileEncoding = 4; lastKnownFileType = sourcecode.c.h; path = SildeModel.h; sourceTree = "<group>"; };
		C4F7595A2244D01B00AC4CA7 /* SourceModel.m */ = {isa = PBXFileReference; fileEncoding = 4; lastKnownFileType = sourcecode.c.objc; path = SourceModel.m; sourceTree = "<group>"; };
		C4F7595B2244D01B00AC4CA7 /* SourceModel.h */ = {isa = PBXFileReference; fileEncoding = 4; lastKnownFileType = sourcecode.c.h; path = SourceModel.h; sourceTree = "<group>"; };
		C4F7595C2244D01B00AC4CA7 /* SildeModel.m */ = {isa = PBXFileReference; fileEncoding = 4; lastKnownFileType = sourcecode.c.objc; path = SildeModel.m; sourceTree = "<group>"; };
		C4F7595E2244D01B00AC4CA7 /* SildeView.h */ = {isa = PBXFileReference; fileEncoding = 4; lastKnownFileType = sourcecode.c.h; path = SildeView.h; sourceTree = "<group>"; };
		C4F7595F2244D01B00AC4CA7 /* SildeView.m */ = {isa = PBXFileReference; fileEncoding = 4; lastKnownFileType = sourcecode.c.objc; path = SildeView.m; sourceTree = "<group>"; };
		C4F759612244D01B00AC4CA7 /* SildeViewService.h */ = {isa = PBXFileReference; fileEncoding = 4; lastKnownFileType = sourcecode.c.h; path = SildeViewService.h; sourceTree = "<group>"; };
		C4F759622244D01B00AC4CA7 /* SildeViewService.m */ = {isa = PBXFileReference; fileEncoding = 4; lastKnownFileType = sourcecode.c.objc; path = SildeViewService.m; sourceTree = "<group>"; };
		C4F759692244D05C00AC4CA7 /* NetworkManage.m */ = {isa = PBXFileReference; fileEncoding = 4; lastKnownFileType = sourcecode.c.objc; path = NetworkManage.m; sourceTree = "<group>"; };
		C4F7596A2244D05C00AC4CA7 /* NetworkManage.h */ = {isa = PBXFileReference; fileEncoding = 4; lastKnownFileType = sourcecode.c.h; path = NetworkManage.h; sourceTree = "<group>"; };
		E4434AA09ED8EFA68FB72730 /* libPods-sildeImageView.a */ = {isa = PBXFileReference; explicitFileType = archive.ar; includeInIndex = 0; path = "libPods-sildeImageView.a"; sourceTree = BUILT_PRODUCTS_DIR; };
		EF689D520B62D36D2235F9F6 /* Pods-sildeImageView.debug.xcconfig */ = {isa = PBXFileReference; includeInIndex = 1; lastKnownFileType = text.xcconfig; name = "Pods-sildeImageView.debug.xcconfig"; path = "Pods/Target Support Files/Pods-sildeImageView/Pods-sildeImageView.debug.xcconfig"; sourceTree = "<group>"; };
/* End PBXFileReference section */

/* Begin PBXFrameworksBuildPhase section */
		C4F759102243214B00AC4CA7 /* Frameworks */ = {
			isa = PBXFrameworksBuildPhase;
			buildActionMask = 2147483647;
			files = (
				CF7C62AC06A6938CD1A8D1ED /* libPods-sildeImageView.a in Frameworks */,
			);
			runOnlyForDeploymentPostprocessing = 0;
		};
/* End PBXFrameworksBuildPhase section */

/* Begin PBXGroup section */
		07A4ED311D66A72217CC7F93 /* Pods */ = {
			isa = PBXGroup;
			children = (
				EF689D520B62D36D2235F9F6 /* Pods-sildeImageView.debug.xcconfig */,
				6AE2C990B8F2341FB060878E /* Pods-sildeImageView.release.xcconfig */,
			);
			name = Pods;
			sourceTree = "<group>";
		};
		1815B91629D87DFF77EA041C /* Frameworks */ = {
			isa = PBXGroup;
			children = (
				E4434AA09ED8EFA68FB72730 /* libPods-sildeImageView.a */,
			);
			name = Frameworks;
			sourceTree = "<group>";
		};
		C46752C52248B54E0055D5EC /* HQFlowView */ = {
			isa = PBXGroup;
			children = (
				C46752C62248B54E0055D5EC /* HQFlowView.m */,
				C46752C72248B54E0055D5EC /* HQIndexBannerSubview.m */,
				C46752C82248B54E0055D5EC /* HQImagePageControl.m */,
				C46752C92248B54E0055D5EC /* HQFlowView.h */,
				C46752CA2248B54E0055D5EC /* HQImagePageControl.h */,
				C46752CB2248B54E0055D5EC /* HQIndexBannerSubview.h */,
			);
			path = HQFlowView;
			sourceTree = "<group>";
		};
		C4F7590A2243214B00AC4CA7 = {
			isa = PBXGroup;
			children = (
				C4F759152243214B00AC4CA7 /* sildeImageView */,
				C4F759142243214B00AC4CA7 /* Products */,
				07A4ED311D66A72217CC7F93 /* Pods */,
				1815B91629D87DFF77EA041C /* Frameworks */,
			);
			sourceTree = "<group>";
		};
		C4F759142243214B00AC4CA7 /* Products */ = {
			isa = PBXGroup;
			children = (
				C4F759132243214B00AC4CA7 /* sildeImageView.app */,
			);
			name = Products;
			sourceTree = "<group>";
		};
		C4F759152243214B00AC4CA7 /* sildeImageView */ = {
			isa = PBXGroup;
			children = (
				C4F759512244D01B00AC4CA7 /* Main */,
				C4F7594E224363E200AC4CA7 /* image1.png */,
				C4F7594A224360DC00AC4CA7 /* BannerView */,
				C4F7594222432D7900AC4CA7 /* Network */,
				C4F759162243214B00AC4CA7 /* AppDelegate.h */,
				C4F759172243214B00AC4CA7 /* AppDelegate.m */,
				C4F759192243214B00AC4CA7 /* ViewController.h */,
				C4F7591A2243214B00AC4CA7 /* ViewController.m */,
				C4F7591C2243214B00AC4CA7 /* Main.storyboard */,
				C4F7591F2243214D00AC4CA7 /* Assets.xcassets */,
				C4F759212243214D00AC4CA7 /* LaunchScreen.storyboard */,
				C4F759242243214D00AC4CA7 /* Info.plist */,
				C4F759252243214D00AC4CA7 /* main.m */,
				C4F759492243360A00AC4CA7 /* PrefixHeader.pch */,
			);
			path = sildeImageView;
			sourceTree = "<group>";
		};
		C4F7594222432D7900AC4CA7 /* Network */ = {
			isa = PBXGroup;
			children = (
				C4F7596A2244D05C00AC4CA7 /* NetworkManage.h */,
				C4F759692244D05C00AC4CA7 /* NetworkManage.m */,
			);
			path = Network;
			sourceTree = "<group>";
		};
		C4F7594A224360DC00AC4CA7 /* BannerView */ = {
			isa = PBXGroup;
			children = (
				C46752C52248B54E0055D5EC /* HQFlowView */,
				C4F7594B224360DC00AC4CA7 /* KDCycleBannerView.m */,
				C4F7594C224360DC00AC4CA7 /* KDCycleBannerView.h */,
			);
			path = BannerView;
			sourceTree = "<group>";
		};
		C4F759512244D01B00AC4CA7 /* Main */ = {
			isa = PBXGroup;
			children = (
				C4F759522244D01B00AC4CA7 /* ViewModel */,
				C4F759552244D01B00AC4CA7 /* Controller */,
				C4F759582244D01B00AC4CA7 /* Model */,
				C4F7595D2244D01B00AC4CA7 /* View */,
				C4F759602244D01B00AC4CA7 /* Service */,
			);
			path = Main;
			sourceTree = "<group>";
		};
		C4F759522244D01B00AC4CA7 /* ViewModel */ = {
			isa = PBXGroup;
			children = (
				C4F759532244D01B00AC4CA7 /* SildeViewModel.h */,
				C4F759542244D01B00AC4CA7 /* SildeViewModel.m */,
			);
			path = ViewModel;
			sourceTree = "<group>";
		};
		C4F759552244D01B00AC4CA7 /* Controller */ = {
			isa = PBXGroup;
			children = (
				C4F759562244D01B00AC4CA7 /* SildeViewController.h */,
				C4F759572244D01B00AC4CA7 /* SildeViewController.m */,
			);
			path = Controller;
			sourceTree = "<group>";
		};
		C4F759582244D01B00AC4CA7 /* Model */ = {
			isa = PBXGroup;
			children = (
				C4F759592244D01B00AC4CA7 /* SildeModel.h */,
				C4F7595A2244D01B00AC4CA7 /* SourceModel.m */,
				C4F7595B2244D01B00AC4CA7 /* SourceModel.h */,
				C4F7595C2244D01B00AC4CA7 /* SildeModel.m */,
			);
			path = Model;
			sourceTree = "<group>";
		};
		C4F7595D2244D01B00AC4CA7 /* View */ = {
			isa = PBXGroup;
			children = (
				C4F7595E2244D01B00AC4CA7 /* SildeView.h */,
				C4F7595F2244D01B00AC4CA7 /* SildeView.m */,
			);
			path = View;
			sourceTree = "<group>";
		};
		C4F759602244D01B00AC4CA7 /* Service */ = {
			isa = PBXGroup;
			children = (
				C4F759612244D01B00AC4CA7 /* SildeViewService.h */,
				C4F759622244D01B00AC4CA7 /* SildeViewService.m */,
			);
			path = Service;
			sourceTree = "<group>";
		};
/* End PBXGroup section */

/* Begin PBXNativeTarget section */
		C4F759122243214B00AC4CA7 /* sildeImageView */ = {
			isa = PBXNativeTarget;
			buildConfigurationList = C4F759292243214D00AC4CA7 /* Build configuration list for PBXNativeTarget "sildeImageView" */;
			buildPhases = (
				282DFC1D791E7DFD93D35E93 /* [CP] Check Pods Manifest.lock */,
				C4F7590F2243214B00AC4CA7 /* Sources */,
				C4F759102243214B00AC4CA7 /* Frameworks */,
				C4F759112243214B00AC4CA7 /* Resources */,
			);
			buildRules = (
			);
			dependencies = (
			);
			name = sildeImageView;
			productName = sildeImageView;
			productReference = C4F759132243214B00AC4CA7 /* sildeImageView.app */;
			productType = "com.apple.product-type.application";
		};
/* End PBXNativeTarget section */

/* Begin PBXProject section */
		C4F7590B2243214B00AC4CA7 /* Project object */ = {
			isa = PBXProject;
			attributes = {
				LastUpgradeCheck = 1010;
				ORGANIZATIONNAME = clarence;
				TargetAttributes = {
					C4F759122243214B00AC4CA7 = {
						CreatedOnToolsVersion = 10.1;
					};
				};
			};
			buildConfigurationList = C4F7590E2243214B00AC4CA7 /* Build configuration list for PBXProject "sildeImageView" */;
			compatibilityVersion = "Xcode 9.3";
			developmentRegion = en;
			hasScannedForEncodings = 0;
			knownRegions = (
				en,
				Base,
			);
			mainGroup = C4F7590A2243214B00AC4CA7;
			productRefGroup = C4F759142243214B00AC4CA7 /* Products */;
			projectDirPath = "";
			projectRoot = "";
			targets = (
				C4F759122243214B00AC4CA7 /* sildeImageView */,
			);
		};
/* End PBXProject section */

/* Begin PBXResourcesBuildPhase section */
		C4F759112243214B00AC4CA7 /* Resources */ = {
			isa = PBXResourcesBuildPhase;
			buildActionMask = 2147483647;
			files = (
				C4F759232243214D00AC4CA7 /* LaunchScreen.storyboard in Resources */,
				C4F7594F224363E200AC4CA7 /* image1.png in Resources */,
				C4F759202243214D00AC4CA7 /* Assets.xcassets in Resources */,
				C4F7591E2243214B00AC4CA7 /* Main.storyboard in Resources */,
			);
			runOnlyForDeploymentPostprocessing = 0;
		};
/* End PBXResourcesBuildPhase section */

/* Begin PBXShellScriptBuildPhase section */
		282DFC1D791E7DFD93D35E93 /* [CP] Check Pods Manifest.lock */ = {
			isa = PBXShellScriptBuildPhase;
			buildActionMask = 2147483647;
			files = (
			);
			inputPaths = (
				"${PODS_PODFILE_DIR_PATH}/Podfile.lock",
				"${PODS_ROOT}/Manifest.lock",
			);
			name = "[CP] Check Pods Manifest.lock";
			outputPaths = (
				"$(DERIVED_FILE_DIR)/Pods-sildeImageView-checkManifestLockResult.txt",
			);
			runOnlyForDeploymentPostprocessing = 0;
			shellPath = /bin/sh;
			shellScript = "diff \"${PODS_PODFILE_DIR_PATH}/Podfile.lock\" \"${PODS_ROOT}/Manifest.lock\" > /dev/null\nif [ $? != 0 ] ; then\n    # print error to STDERR\n    echo \"error: The sandbox is not in sync with the Podfile.lock. Run 'pod install' or update your CocoaPods installation.\" >&2\n    exit 1\nfi\n# This output is used by Xcode 'outputs' to avoid re-running this script phase.\necho \"SUCCESS\" > \"${SCRIPT_OUTPUT_FILE_0}\"\n";
			showEnvVarsInLog = 0;
		};
/* End PBXShellScriptBuildPhase section */

/* Begin PBXSourcesBuildPhase section */
		C4F7590F2243214B00AC4CA7 /* Sources */ = {
			isa = PBXSourcesBuildPhase;
			buildActionMask = 2147483647;
			files = (
				C4F759642244D01B00AC4CA7 /* SildeViewController.m in Sources */,
				C46752CE2248B54E0055D5EC /* HQImagePageControl.m in Sources */,
				C4F759662244D01B00AC4CA7 /* SildeModel.m in Sources */,
				C4F759652244D01B00AC4CA7 /* SourceModel.m in Sources */,
				C46752CC2248B54E0055D5EC /* HQFlowView.m in Sources */,
				C4F7594D224360DC00AC4CA7 /* KDCycleBannerView.m in Sources */,
				C46752CD2248B54E0055D5EC /* HQIndexBannerSubview.m in Sources */,
				C4F7596B2244D05C00AC4CA7 /* NetworkManage.m in Sources */,
				C4F7591B2243214B00AC4CA7 /* ViewController.m in Sources */,
				C4F759262243214D00AC4CA7 /* main.m in Sources */,
				C4F759632244D01B00AC4CA7 /* SildeViewModel.m in Sources */,
				C4F759672244D01B00AC4CA7 /* SildeView.m in Sources */,
				C4F759682244D01B00AC4CA7 /* SildeViewService.m in Sources */,
				C4F759182243214B00AC4CA7 /* AppDelegate.m in Sources */,
			);
			runOnlyForDeploymentPostprocessing = 0;
		};
/* End PBXSourcesBuildPhase section */

/* Begin PBXVariantGroup section */
		C4F7591C2243214B00AC4CA7 /* Main.storyboard */ = {
			isa = PBXVariantGroup;
			children = (
				C4F7591D2243214B00AC4CA7 /* Base */,
			);
			name = Main.storyboard;
			sourceTree = "<group>";
		};
		C4F759212243214D00AC4CA7 /* LaunchScreen.storyboard */ = {
			isa = PBXVariantGroup;
			children = (
				C4F759222243214D00AC4CA7 /* Base */,
			);
			name = LaunchScreen.storyboard;
			sourceTree = "<group>";
		};
/* End PBXVariantGroup section */

/* Begin XCBuildConfiguration section */
		C4F759272243214D00AC4CA7 /* Debug */ = {
			isa = XCBuildConfiguration;
			buildSettings = {
				ALWAYS_SEARCH_USER_PATHS = NO;
				CLANG_ANALYZER_NONNULL = YES;
				CLANG_ANALYZER_NUMBER_OBJECT_CONVERSION = YES_AGGRESSIVE;
				CLANG_CXX_LANGUAGE_STANDARD = "gnu++14";
				CLANG_CXX_LIBRARY = "libc++";
				CLANG_ENABLE_MODULES = YES;
				CLANG_ENABLE_OBJC_ARC = YES;
				CLANG_ENABLE_OBJC_WEAK = YES;
				CLANG_WARN_BLOCK_CAPTURE_AUTORELEASING = YES;
				CLANG_WARN_BOOL_CONVERSION = YES;
				CLANG_WARN_COMMA = YES;
				CLANG_WARN_CONSTANT_CONVERSION = YES;
				CLANG_WARN_DEPRECATED_OBJC_IMPLEMENTATIONS = YES;
				CLANG_WARN_DIRECT_OBJC_ISA_USAGE = YES_ERROR;
				CLANG_WARN_DOCUMENTATION_COMMENTS = YES;
				CLANG_WARN_EMPTY_BODY = YES;
				CLANG_WARN_ENUM_CONVERSION = YES;
				CLANG_WARN_INFINITE_RECURSION = YES;
				CLANG_WARN_INT_CONVERSION = YES;
				CLANG_WARN_NON_LITERAL_NULL_CONVERSION = YES;
				CLANG_WARN_OBJC_IMPLICIT_RETAIN_SELF = YES;
				CLANG_WARN_OBJC_LITERAL_CONVERSION = YES;
				CLANG_WARN_OBJC_ROOT_CLASS = YES_ERROR;
				CLANG_WARN_RANGE_LOOP_ANALYSIS = YES;
				CLANG_WARN_STRICT_PROTOTYPES = YES;
				CLANG_WARN_SUSPICIOUS_MOVE = YES;
				CLANG_WARN_UNGUARDED_AVAILABILITY = YES_AGGRESSIVE;
				CLANG_WARN_UNREACHABLE_CODE = YES;
				CLANG_WARN__DUPLICATE_METHOD_MATCH = YES;
				CODE_SIGN_IDENTITY = "iPhone Developer";
				COPY_PHASE_STRIP = NO;
				DEBUG_INFORMATION_FORMAT = dwarf;
				ENABLE_STRICT_OBJC_MSGSEND = YES;
				ENABLE_TESTABILITY = YES;
				GCC_C_LANGUAGE_STANDARD = gnu11;
				GCC_DYNAMIC_NO_PIC = NO;
				GCC_NO_COMMON_BLOCKS = YES;
				GCC_OPTIMIZATION_LEVEL = 0;
				GCC_PREPROCESSOR_DEFINITIONS = (
					"DEBUG=1",
					"$(inherited)",
				);
				GCC_WARN_64_TO_32_BIT_CONVERSION = YES;
				GCC_WARN_ABOUT_RETURN_TYPE = YES_ERROR;
				GCC_WARN_UNDECLARED_SELECTOR = YES;
				GCC_WARN_UNINITIALIZED_AUTOS = YES_AGGRESSIVE;
				GCC_WARN_UNUSED_FUNCTION = YES;
				GCC_WARN_UNUSED_VARIABLE = YES;
				IPHONEOS_DEPLOYMENT_TARGET = 12.1;
				MTL_ENABLE_DEBUG_INFO = INCLUDE_SOURCE;
				MTL_FAST_MATH = YES;
				ONLY_ACTIVE_ARCH = YES;
				SDKROOT = iphoneos;
			};
			name = Debug;
		};
		C4F759282243214D00AC4CA7 /* Release */ = {
			isa = XCBuildConfiguration;
			buildSettings = {
				ALWAYS_SEARCH_USER_PATHS = NO;
				CLANG_ANALYZER_NONNULL = YES;
				CLANG_ANALYZER_NUMBER_OBJECT_CONVERSION = YES_AGGRESSIVE;
				CLANG_CXX_LANGUAGE_STANDARD = "gnu++14";
				CLANG_CXX_LIBRARY = "libc++";
				CLANG_ENABLE_MODULES = YES;
				CLANG_ENABLE_OBJC_ARC = YES;
				CLANG_ENABLE_OBJC_WEAK = YES;
				CLANG_WARN_BLOCK_CAPTURE_AUTORELEASING = YES;
				CLANG_WARN_BOOL_CONVERSION = YES;
				CLANG_WARN_COMMA = YES;
				CLANG_WARN_CONSTANT_CONVERSION = YES;
				CLANG_WARN_DEPRECATED_OBJC_IMPLEMENTATIONS = YES;
				CLANG_WARN_DIRECT_OBJC_ISA_USAGE = YES_ERROR;
				CLANG_WARN_DOCUMENTATION_COMMENTS = YES;
				CLANG_WARN_EMPTY_BODY = YES;
				CLANG_WARN_ENUM_CONVERSION = YES;
				CLANG_WARN_INFINITE_RECURSION = YES;
				CLANG_WARN_INT_CONVERSION = YES;
				CLANG_WARN_NON_LITERAL_NULL_CONVERSION = YES;
				CLANG_WARN_OBJC_IMPLICIT_RETAIN_SELF = YES;
				CLANG_WARN_OBJC_LITERAL_CONVERSION = YES;
				CLANG_WARN_OBJC_ROOT_CLASS = YES_ERROR;
				CLANG_WARN_RANGE_LOOP_ANALYSIS = YES;
				CLANG_WARN_STRICT_PROTOTYPES = YES;
				CLANG_WARN_SUSPICIOUS_MOVE = YES;
				CLANG_WARN_UNGUARDED_AVAILABILITY = YES_AGGRESSIVE;
				CLANG_WARN_UNREACHABLE_CODE = YES;
				CLANG_WARN__DUPLICATE_METHOD_MATCH = YES;
				CODE_SIGN_IDENTITY = "iPhone Developer";
				COPY_PHASE_STRIP = NO;
				DEBUG_INFORMATION_FORMAT = "dwarf-with-dsym";
				ENABLE_NS_ASSERTIONS = NO;
				ENABLE_STRICT_OBJC_MSGSEND = YES;
				GCC_C_LANGUAGE_STANDARD = gnu11;
				GCC_NO_COMMON_BLOCKS = YES;
				GCC_WARN_64_TO_32_BIT_CONVERSION = YES;
				GCC_WARN_ABOUT_RETURN_TYPE = YES_ERROR;
				GCC_WARN_UNDECLARED_SELECTOR = YES;
				GCC_WARN_UNINITIALIZED_AUTOS = YES_AGGRESSIVE;
				GCC_WARN_UNUSED_FUNCTION = YES;
				GCC_WARN_UNUSED_VARIABLE = YES;
				IPHONEOS_DEPLOYMENT_TARGET = 12.1;
				MTL_ENABLE_DEBUG_INFO = NO;
				MTL_FAST_MATH = YES;
				SDKROOT = iphoneos;
				VALIDATE_PRODUCT = YES;
			};
			name = Release;
		};
		C4F7592A2243214D00AC4CA7 /* Debug */ = {
			isa = XCBuildConfiguration;
			baseConfigurationReference = EF689D520B62D36D2235F9F6 /* Pods-sildeImageView.debug.xcconfig */;
			buildSettings = {
				ASSETCATALOG_COMPILER_APPICON_NAME = AppIcon;
				CODE_SIGN_STYLE = Automatic;
				DEVELOPMENT_TEAM = DTZ84Z5VUL;
				INFOPLIST_FILE = sildeImageView/Info.plist;
				LD_RUNPATH_SEARCH_PATHS = (
					"$(inherited)",
					"@executable_path/Frameworks",
				);
				PRODUCT_BUNDLE_IDENTIFIER = com.clarence.corp.sildeImageView;
				PRODUCT_NAME = "$(TARGET_NAME)";
				TARGETED_DEVICE_FAMILY = "1,2";
			};
			name = Debug;
		};
		C4F7592B2243214D00AC4CA7 /* Release */ = {
			isa = XCBuildConfiguration;
			baseConfigurationReference = 6AE2C990B8F2341FB060878E /* Pods-sildeImageView.release.xcconfig */;
			buildSettings = {
				ASSETCATALOG_COMPILER_APPICON_NAME = AppIcon;
				CODE_SIGN_STYLE = Automatic;
				DEVELOPMENT_TEAM = DTZ84Z5VUL;
				INFOPLIST_FILE = sildeImageView/Info.plist;
				LD_RUNPATH_SEARCH_PATHS = (
					"$(inherited)",
					"@executable_path/Frameworks",
				);
				PRODUCT_BUNDLE_IDENTIFIER = com.clarence.corp.sildeImageView;
				PRODUCT_NAME = "$(TARGET_NAME)";
				TARGETED_DEVICE_FAMILY = "1,2";
			};
			name = Release;
		};
/* End XCBuildConfiguration section */

/* Begin XCConfigurationList section */
		C4F7590E2243214B00AC4CA7 /* Build configuration list for PBXProject "sildeImageView" */ = {
			isa = XCConfigurationList;
			buildConfigurations = (
				C4F759272243214D00AC4CA7 /* Debug */,
				C4F759282243214D00AC4CA7 /* Release */,
			);
			defaultConfigurationIsVisible = 0;
			defaultConfigurationName = Release;
		};
		C4F759292243214D00AC4CA7 /* Build configuration list for PBXNativeTarget "sildeImageView" */ = {
			isa = XCConfigurationList;
			buildConfigurations = (
				C4F7592A2243214D00AC4CA7 /* Debug */,
				C4F7592B2243214D00AC4CA7 /* Release */,
			);
			defaultConfigurationIsVisible = 0;
			defaultConfigurationName = Release;
		};
/* End XCConfigurationList section */
	};
	rootObject = C4F7590B2243214B00AC4CA7 /* Project object */;
}
